
Microsoft Visual Studio Solution File, Format Version 12.00
# Visual Studio Version 17
VisualStudioVersion = 17.3.32519.111
MinimumVisualStudioVersion = 10.0.40219.1
Project("{FAE04EC0-301F-11D3-BF4B-00C04F79EFBC}") = "MauiSampleCamera", "src\MauiSampleCamera\MauiSampleCamera.csproj", "{FCF14EFA-95A6-468D-9948-5B6DF1B8CFB0}"
EndProject
Global
	GlobalSection(SolutionConfigurationPlatforms) = preSolution
		Debug|Any CPU = Debug|Any CPU
		Release|Any CPU = Release|Any CPU
	EndGlobalSection
	GlobalSection(ProjectConfigurationPlatforms) = postSolution
		{FCF14EFA-95A6-468D-9948-5B6DF1B8CFB0}.Debug|Any CPU.ActiveCfg = Debug|Any CPU
		{FCF14EFA-95A6-468D-9948-5B6DF1B8CFB0}.Debug|Any CPU.Build.0 = Debug|Any CPU
		{FCF14EFA-95A6-468D-9948-5B6DF1B8CFB0}.Debug|Any CPU.Deploy.0 = Debug|Any CPU
		{FCF14EFA-95A6-468D-9948-5B6DF1B8CFB0}.Release|Any CPU.ActiveCfg = Release|Any CPU
		{FCF14EFA-95A6-468D-9948-5B6DF1B8CFB0}.Release|Any CPU.Build.0 = Release|Any CPU
		{FCF14EFA-95A6-468D-9948-5B6DF1B8CFB0}.Release|Any CPU.Deploy.0 = Release|Any CPU
	EndGlobalSection
	GlobalSection(SolutionProperties) = preSolution
		HideSolutionNode = FALSE
	EndGlobalSection
	GlobalSection(ExtensibilityGlobals) = postSolution
		SolutionGuid = {439362B9-747E-45E7-AC75-8CEB200D1397}
	EndGlobalSection
EndGlobal
